
Microsoft Visual Studio Solution File, Format Version 12.00
# Visual Studio Version 17
VisualStudioVersion = 17.5.33530.505
MinimumVisualStudioVersion = 10.0.40219.1
Project("{FAE04EC0-301F-11D3-BF4B-00C04F79EFBC}") = "Phone", "Phone\Phone.csproj", "{DEBCEC76-55D1-456D-A858-CE2BD137B491}"
EndProject
Global
	GlobalSection(SolutionConfigurationPlatforms) = preSolution
		Debug|Any CPU = Debug|Any CPU
		Release|Any CPU = Release|Any CPU
	EndGlobalSection
	GlobalSection(ProjectConfigurationPlatforms) = postSolution
		{DEBCEC76-55D1-456D-A858-CE2BD137B491}.Debug|Any CPU.ActiveCfg = Debug|Any CPU
		{DEBCEC76-55D1-456D-A858-CE2BD137B491}.Debug|Any CPU.Build.0 = Debug|Any CPU
		{DEBCEC76-55D1-456D-A858-CE2BD137B491}.Release|Any CPU.ActiveCfg = Release|Any CPU
		{DEBCEC76-55D1-456D-A858-CE2BD137B491}.Release|Any CPU.Build.0 = Release|Any CPU
	EndGlobalSection
	GlobalSection(SolutionProperties) = preSolution
		HideSolutionNode = FALSE
	EndGlobalSection
	GlobalSection(ExtensibilityGlobals) = postSolution
		SolutionGuid = {9ED01B32-78C4-445A-AF48-3D44EE31171E}
	EndGlobalSection
EndGlobal
